
Microsoft Visual Studio Solution File, Format Version 12.00
# Visual Studio Version 17
VisualStudioVersion = 17.6.33723.286
MinimumVisualStudioVersion = 10.0.40219.1
Project("{FAE04EC0-301F-11D3-BF4B-00C04F79EFBC}") = "CodeFirstMigration", "CodeFirstMigration\CodeFirstMigration.csproj", "{A0B68054-DE77-4B55-9122-D9285BC245F2}"
EndProject
Project("{FAE04EC0-301F-11D3-BF4B-00C04F79EFBC}") = "AlgorithmImpementation", "AlgorithmImpementation\AlgorithmImpementation.csproj", "{106B750B-A4A4-4A4B-B80B-6B7B15213711}"
EndProject
Global
	GlobalSection(SolutionConfigurationPlatforms) = preSolution
		Debug|Any CPU = Debug|Any CPU
		Release|Any CPU = Release|Any CPU
	EndGlobalSection
	GlobalSection(ProjectConfigurationPlatforms) = postSolution
		{A0B68054-DE77-4B55-9122-D9285BC245F2}.Debug|Any CPU.ActiveCfg = Debug|Any CPU
		{A0B68054-DE77-4B55-9122-D9285BC245F2}.Debug|Any CPU.Build.0 = Debug|Any CPU
		{A0B68054-DE77-4B55-9122-D9285BC245F2}.Release|Any CPU.ActiveCfg = Release|Any CPU
		{A0B68054-DE77-4B55-9122-D9285BC245F2}.Release|Any CPU.Build.0 = Release|Any CPU
		{106B750B-A4A4-4A4B-B80B-6B7B15213711}.Debug|Any CPU.ActiveCfg = Debug|Any CPU
		{106B750B-A4A4-4A4B-B80B-6B7B15213711}.Debug|Any CPU.Build.0 = Debug|Any CPU
		{106B750B-A4A4-4A4B-B80B-6B7B15213711}.Release|Any CPU.ActiveCfg = Release|Any CPU
		{106B750B-A4A4-4A4B-B80B-6B7B15213711}.Release|Any CPU.Build.0 = Release|Any CPU
	EndGlobalSection
	GlobalSection(SolutionProperties) = preSolution
		HideSolutionNode = FALSE
	EndGlobalSection
	GlobalSection(ExtensibilityGlobals) = postSolution
		SolutionGuid = {9CA9A0E3-53E7-47E6-8FAC-4262BCBB40F4}
	EndGlobalSection
EndGlobal
